[[package]]
name = "bigdecimal"
version = "0.0.12"
source = "git+https://github.com/akubera/bigdecimal-rs.git?branch=develop#37a80cdcc5ede6b25e0346b83150df61df3c663a"
dependencies = [
 "num-bigint 0.2.0 (registry+https://github.com/rust-lang/crates.io-index)",
 "num-integer 0.1.39 (registry+https://github.com/rust-lang/crates.io-index)",
 "num-traits 0.2.5 (registry+https://github.com/rust-lang/crates.io-index)",
]

[[package]]
name = "num-bigint"
version = "0.2.0"
source = "registry+https://github.com/rust-lang/crates.io-index"
dependencies = [
 "num-integer 0.1.39 (registry+https://github.com/rust-lang/crates.io-index)",
 "num-traits 0.2.5 (registry+https://github.com/rust-lang/crates.io-index)",
]

[[package]]
name = "num-integer"
version = "0.1.39"
source = "registry+https://github.com/rust-lang/crates.io-index"
dependencies = [
 "num-traits 0.2.5 (registry+https://github.com/rust-lang/crates.io-index)",
]

[[package]]
name = "num-traits"
version = "0.2.5"
source = "registry+https://github.com/rust-lang/crates.io-index"

[[package]]
name = "superpi-rs"
version = "0.1.0"
dependencies = [
 "bigdecimal 0.0.12 (git+https://github.com/akubera/bigdecimal-rs.git?branch=develop)",
]

[metadata]
"checksum bigdecimal 0.0.12 (git+https://github.com/akubera/bigdecimal-rs.git?branch=develop)" = "<none>"
"checksum num-bigint 0.2.0 (registry+https://github.com/rust-lang/crates.io-index)" = "3eceac7784c5dc97c2d6edf30259b4e153e6e2b42b3c85e9a6e9f45d06caef6e"
"checksum num-integer 0.1.39 (registry+https://github.com/rust-lang/crates.io-index)" = "e83d528d2677f0518c570baf2b7abdcf0cd2d248860b68507bdcb3e91d4c0cea"
"checksum num-traits 0.2.5 (registry+https://github.com/rust-lang/crates.io-index)" = "630de1ef5cc79d0cdd78b7e33b81f083cbfe90de0f4b2b2f07f905867c70e9fe"
